{
    "_meta": {
        "hash": {
            "sha256": "3e63f4f0f005e5bcf96cf64c66ef4ce133c29e5a333d41152a5260808494d7f4"
        },
        "pipfile-spec": 6,
        "requires": {
            "python_version": "3.6"
        },
        "sources": [
            {
                "name": "pypi",
                "url": "https://pypi.org/simple",
                "verify_ssl": true
            }
        ]
    },
    "default": {
        "certifi": {
            "hashes": [
                "sha256:339dc09518b07e2fa7eda5450740925974815557727d6bd35d319c1524a04a4c"
            ],
            "version": "==2018.10.15"
        },
        "chardet": {
            "hashes": [
                "sha256:fc323ffcaeaed0e0a02bf4d117757b98aed530d9ed4531e3e15460124c106691"
            ],
            "version": "==3.0.4"
        },
        "idna": {
            "hashes": [
                "sha256:156a6814fb5ac1fc6850fb002e0852d56c0c8d2531923a51032d1b70760e186e"
            ],
            "version": "==2.7"
        },
        "rauth": {
            "hashes": [
                "sha256:524cdbc1c28560eacfc9a9d40c59525eb8d00fdf07fbad86107ea24411477b0a",
                "sha256:b18590fbd77bc3d871936bbdb851377d1b0c08e337b219c303f8fc2b5a42ef2d"
            ],
            "index": "pypi",
            "version": "==0.7.3"
        },
        "requests": {
            "hashes": [
                "sha256:65b3a120e4329e33c9889db89c80976c5272f56ea92d3e74da8a463992e3ff54",
                "sha256:ea881206e59f41dbd0bd445437d792e43906703fff75ca8ff43ccdb11f33f263"
            ],
            "version": "==2.20.1"
        },
        "urllib3": {
            "hashes": [
                "sha256:61bf29cada3fc2fbefad4fdf059ea4bd1b4a86d2b6d15e1c7c0b582b9752fe39"
            ],
            "version": "==1.24.1"
        }
    },
    "develop": {}
}
